
Microsoft Visual Studio Solution File, Format Version 12.00
# Visual Studio 15
VisualStudioVersion = 15.0.28307.329
MinimumVisualStudioVersion = 10.0.40219.1
Project("{FAE04EC0-301F-11D3-BF4B-00C04F79EFBC}") = "Task1", "Task1\Task1.csproj", "{2AD9F4D6-1291-43D1-9DA5-E218BBC878FB}"
EndProject
Global
	GlobalSection(SolutionConfigurationPlatforms) = preSolution
		Debug|Any CPU = Debug|Any CPU
		Release|Any CPU = Release|Any CPU
	EndGlobalSection
	GlobalSection(ProjectConfigurationPlatforms) = postSolution
		{2AD9F4D6-1291-43D1-9DA5-E218BBC878FB}.Debug|Any CPU.ActiveCfg = Debug|Any CPU
		{2AD9F4D6-1291-43D1-9DA5-E218BBC878FB}.Debug|Any CPU.Build.0 = Debug|Any CPU
		{2AD9F4D6-1291-43D1-9DA5-E218BBC878FB}.Release|Any CPU.ActiveCfg = Release|Any CPU
		{2AD9F4D6-1291-43D1-9DA5-E218BBC878FB}.Release|Any CPU.Build.0 = Release|Any CPU
	EndGlobalSection
	GlobalSection(SolutionProperties) = preSolution
		HideSolutionNode = FALSE
	EndGlobalSection
	GlobalSection(ExtensibilityGlobals) = postSolution
		SolutionGuid = {BC56657F-C2E2-4827-80D3-EBC12A399939}
	EndGlobalSection
EndGlobal
